
Microsoft Visual Studio Solution File, Format Version 12.00
# Visual Studio Version 17
VisualStudioVersion = 17.9.34728.123
MinimumVisualStudioVersion = 10.0.40219.1
Project("{9A19103F-16F7-4668-BE54-9A1E7A4F7556}") = "EventLoggerLib", "EventLoggerLib\EventLoggerLib.csproj", "{EDBE15D4-5F2C-4907-91BE-689F11D7F7B1}"
EndProject
Project("{FAE04EC0-301F-11D3-BF4B-00C04F79EFBC}") = "EventLoggerLib.Tests", "EventLoggerLib.Tests\EventLoggerLib.Tests.csproj", "{E526E3CB-F2DE-4255-BC35-F7D0C6F7196D}"
EndProject
Global
	GlobalSection(SolutionConfigurationPlatforms) = preSolution
		Debug|Any CPU = Debug|Any CPU
		Release|Any CPU = Release|Any CPU
	EndGlobalSection
	GlobalSection(ProjectConfigurationPlatforms) = postSolution
		{EDBE15D4-5F2C-4907-91BE-689F11D7F7B1}.Debug|Any CPU.ActiveCfg = Debug|Any CPU
		{EDBE15D4-5F2C-4907-91BE-689F11D7F7B1}.Debug|Any CPU.Build.0 = Debug|Any CPU
		{EDBE15D4-5F2C-4907-91BE-689F11D7F7B1}.Release|Any CPU.ActiveCfg = Release|Any CPU
		{EDBE15D4-5F2C-4907-91BE-689F11D7F7B1}.Release|Any CPU.Build.0 = Release|Any CPU
		{E526E3CB-F2DE-4255-BC35-F7D0C6F7196D}.Debug|Any CPU.ActiveCfg = Debug|Any CPU
		{E526E3CB-F2DE-4255-BC35-F7D0C6F7196D}.Debug|Any CPU.Build.0 = Debug|Any CPU
		{E526E3CB-F2DE-4255-BC35-F7D0C6F7196D}.Release|Any CPU.ActiveCfg = Release|Any CPU
		{E526E3CB-F2DE-4255-BC35-F7D0C6F7196D}.Release|Any CPU.Build.0 = Release|Any CPU
	EndGlobalSection
	GlobalSection(SolutionProperties) = preSolution
		HideSolutionNode = FALSE
	EndGlobalSection
	GlobalSection(ExtensibilityGlobals) = postSolution
		SolutionGuid = {3EEB26EF-11B1-4FAF-B97D-4987CBDF385F}
	EndGlobalSection
EndGlobal
